
Microsoft Visual Studio Solution File, Format Version 12.00
# Visual Studio Version 17
VisualStudioVersion = 17.2.32505.173
MinimumVisualStudioVersion = 10.0.40219.1
Project("{FAE04EC0-301F-11D3-BF4B-00C04F79EFBC}") = "ONEXSYS", "ONEXSYS\ONEXSYS.csproj", "{87F30B59-427F-4F62-89CC-AFD56CA78A7D}"
EndProject
Project("{2150E333-8FDC-42A3-9474-1A3956D46DE8}") = "Solution Items", "Solution Items", "{5FB3F3B1-C7E0-41C8-B841-04D41943629D}"
	ProjectSection(SolutionItems) = preProject
		.editorconfig = .editorconfig
	EndProjectSection
EndProject
Global
	GlobalSection(SolutionConfigurationPlatforms) = preSolution
		Debug|Any CPU = Debug|Any CPU
		Release|Any CPU = Release|Any CPU
	EndGlobalSection
	GlobalSection(ProjectConfigurationPlatforms) = postSolution
		{87F30B59-427F-4F62-89CC-AFD56CA78A7D}.Debug|Any CPU.ActiveCfg = Debug|Any CPU
		{87F30B59-427F-4F62-89CC-AFD56CA78A7D}.Debug|Any CPU.Build.0 = Debug|Any CPU
		{87F30B59-427F-4F62-89CC-AFD56CA78A7D}.Release|Any CPU.ActiveCfg = Release|Any CPU
		{87F30B59-427F-4F62-89CC-AFD56CA78A7D}.Release|Any CPU.Build.0 = Release|Any CPU
	EndGlobalSection
	GlobalSection(SolutionProperties) = preSolution
		HideSolutionNode = FALSE
	EndGlobalSection
	GlobalSection(ExtensibilityGlobals) = postSolution
		SolutionGuid = {91632645-FE57-475F-808C-B25D2E06FA8E}
	EndGlobalSection
EndGlobal
